
Microsoft Visual Studio Solution File, Format Version 12.00
# Visual Studio 15
Project("{FAE04EC0-301F-11D3-BF4B-00C04F79EFBC}") = "Assembly-CSharp", "Assembly-CSharp.csproj", "{7FC3FEDF-4F25-8191-8E18-206BB159BC0C}"
EndProject
Project("{FAE04EC0-301F-11D3-BF4B-00C04F79EFBC}") = "Assembly-CSharp-Editor", "Assembly-CSharp-Editor.csproj", "{E452DB9C-59F6-A330-B7C0-341DC4B627BF}"
EndProject
Global
	GlobalSection(SolutionConfigurationPlatforms) = preSolution
		Debug|Any CPU = Debug|Any CPU
		Release|Any CPU = Release|Any CPU
	EndGlobalSection
	GlobalSection(ProjectConfigurationPlatforms) = postSolution
		{7FC3FEDF-4F25-8191-8E18-206BB159BC0C}.Debug|Any CPU.ActiveCfg = Debug|Any CPU
		{7FC3FEDF-4F25-8191-8E18-206BB159BC0C}.Debug|Any CPU.Build.0 = Debug|Any CPU
		{7FC3FEDF-4F25-8191-8E18-206BB159BC0C}.Release|Any CPU.ActiveCfg = Release|Any CPU
		{7FC3FEDF-4F25-8191-8E18-206BB159BC0C}.Release|Any CPU.Build.0 = Release|Any CPU
		{E452DB9C-59F6-A330-B7C0-341DC4B627BF}.Debug|Any CPU.ActiveCfg = Debug|Any CPU
		{E452DB9C-59F6-A330-B7C0-341DC4B627BF}.Debug|Any CPU.Build.0 = Debug|Any CPU
		{E452DB9C-59F6-A330-B7C0-341DC4B627BF}.Release|Any CPU.ActiveCfg = Release|Any CPU
		{E452DB9C-59F6-A330-B7C0-341DC4B627BF}.Release|Any CPU.Build.0 = Release|Any CPU
	EndGlobalSection
	GlobalSection(SolutionProperties) = preSolution
		HideSolutionNode = FALSE
	EndGlobalSection
EndGlobal
